{
  "name": "underscoretest",
  "version": "1.0.0",
  "lockfileVersion": 1,
  "requires": true,
  "dependencies": {
    "underscore": {
      "version": "1.8.3",
      "resolved": "http://r.cnpmjs.org/underscore/download/underscore-1.8.3.tgz",
      "integrity": "sha1-Tz+1OxBuYJf8+ctBCfKl6b36UCI=",
      "dev": true
    }
  }
}
